// !$*UTF8*$!
{
	archiveVersion = 1;
	classes = {
	};
	objectVersion = 56;
	objects = {

/* Begin PBXBuildFile section */
		7738D0132C5278CB005BF892 /* UserBookModel.swift in Sources */ = {isa = PBXBuildFile; fileRef = 7738D0122C5278CB005BF892 /* UserBookModel.swift */; };
		7738D0172C52E40C005BF892 /* CircleMagnifyingGlassView.swift in Sources */ = {isa = PBXBuildFile; fileRef = 7738D0162C52E40C005BF892 /* CircleMagnifyingGlassView.swift */; };
		7738D0192C52F425005BF892 /* GoogleService-Info.plist in Resources */ = {isa = PBXBuildFile; fileRef = 7738D0182C52F425005BF892 /* GoogleService-Info.plist */; };
		7738D01C2C52FAA6005BF892 /* MyBooksView.swift in Sources */ = {isa = PBXBuildFile; fileRef = 7738D01B2C52FAA5005BF892 /* MyBooksView.swift */; };
		7738D01E2C530837005BF892 /* CircleView.swift in Sources */ = {isa = PBXBuildFile; fileRef = 7738D01D2C530837005BF892 /* CircleView.swift */; };
		7738D0212C531348005BF892 /* ProfileImageView.swift in Sources */ = {isa = PBXBuildFile; fileRef = 7738D0202C531348005BF892 /* ProfileImageView.swift */; };
		77556EDC2C51695B00AB3891 /* MainMenuView.swift in Sources */ = {isa = PBXBuildFile; fileRef = 77556EDB2C51695B00AB3891 /* MainMenuView.swift */; };
		77556EE02C517F8800AB3891 /* Config.swift in Sources */ = {isa = PBXBuildFile; fileRef = 77556EDF2C517F8800AB3891 /* Config.swift */; };
		775DE05A2C50F3C100A22337 /* CoordinatorView.swift in Sources */ = {isa = PBXBuildFile; fileRef = 775DE0592C50F3C100A22337 /* CoordinatorView.swift */; };
		776CEA822C4FE2F70067B918 /* HomeGenres.swift in Sources */ = {isa = PBXBuildFile; fileRef = 776CEA812C4FE2F70067B918 /* HomeGenres.swift */; };
		776CEA842C4FE5DE0067B918 /* HomeNew.swift in Sources */ = {isa = PBXBuildFile; fileRef = 776CEA832C4FE5DE0067B918 /* HomeNew.swift */; };
		776CEA862C4FEE6D0067B918 /* SearchResultsView.swift in Sources */ = {isa = PBXBuildFile; fileRef = 776CEA852C4FEE6D0067B918 /* SearchResultsView.swift */; };
		776CEA882C4FF61C0067B918 /* BookDetailsInListView.swift in Sources */ = {isa = PBXBuildFile; fileRef = 776CEA872C4FF61C0067B918 /* BookDetailsInListView.swift */; };
		776CEA8D2C5005670067B918 /* AsyncImageView.swift in Sources */ = {isa = PBXBuildFile; fileRef = 776CEA8C2C5005670067B918 /* AsyncImageView.swift */; };
		776CEA8F2C5006940067B918 /* BookDetailsSheet.swift in Sources */ = {isa = PBXBuildFile; fileRef = 776CEA8E2C5006940067B918 /* BookDetailsSheet.swift */; };
		776CEA932C501B3E0067B918 /* UserProfileViewModel.swift in Sources */ = {isa = PBXBuildFile; fileRef = 776CEA922C501B3E0067B918 /* UserProfileViewModel.swift */; };
		776CEA962C5024C40067B918 /* UserProfileRepository.swift in Sources */ = {isa = PBXBuildFile; fileRef = 776CEA952C5024C40067B918 /* UserProfileRepository.swift */; };
		776CEA982C5024D20067B918 /* UserProfileDatasource.swift in Sources */ = {isa = PBXBuildFile; fileRef = 776CEA972C5024D20067B918 /* UserProfileDatasource.swift */; };
		776CEA9A2C5026350067B918 /* FirebaseFirestore in Frameworks */ = {isa = PBXBuildFile; productRef = 776CEA992C5026350067B918 /* FirebaseFirestore */; };
		776CEA9C2C5026350067B918 /* FirebaseFirestoreSwift in Frameworks */ = {isa = PBXBuildFile; productRef = 776CEA9B2C5026350067B918 /* FirebaseFirestoreSwift */; };
		776CEAA32C5059B80067B918 /* SignInView.swift in Sources */ = {isa = PBXBuildFile; fileRef = 776CEAA22C5059B80067B918 /* SignInView.swift */; };
		77B385F22C4EBD3F00C800BD /* SigInOthersView.swift in Sources */ = {isa = PBXBuildFile; fileRef = 77B385F12C4EBD3F00C800BD /* SigInOthersView.swift */; };
		77B385F52C4EDA2F00C800BD /* AppleAuthenticationHelper.swift in Sources */ = {isa = PBXBuildFile; fileRef = 77B385F42C4EDA2F00C800BD /* AppleAuthenticationHelper.swift */; };
		77B385F92C4EDE6600C800BD /* GoogleApiDatasoruce.swift in Sources */ = {isa = PBXBuildFile; fileRef = 77B385F82C4EDE6600C800BD /* GoogleApiDatasoruce.swift */; };
		77B385FB2C4EDE7E00C800BD /* GoogleApiRepository.swift in Sources */ = {isa = PBXBuildFile; fileRef = 77B385FA2C4EDE7E00C800BD /* GoogleApiRepository.swift */; };
		77B385FE2C4EDEA700C800BD /* GoogleApiViewModel.swift in Sources */ = {isa = PBXBuildFile; fileRef = 77B385FD2C4EDEA700C800BD /* GoogleApiViewModel.swift */; };
		77D1A89F2C4BE22800B69CA6 /* MyReadsApp.swift in Sources */ = {isa = PBXBuildFile; fileRef = 77D1A89E2C4BE22800B69CA6 /* MyReadsApp.swift */; };
		77D1A8A12C4BE22800B69CA6 /* AuthenticationView.swift in Sources */ = {isa = PBXBuildFile; fileRef = 77D1A8A02C4BE22800B69CA6 /* AuthenticationView.swift */; };
		77D1A8A32C4BE22900B69CA6 /* Assets.xcassets in Resources */ = {isa = PBXBuildFile; fileRef = 77D1A8A22C4BE22900B69CA6 /* Assets.xcassets */; };
		77D1A8A62C4BE22900B69CA6 /* Preview Assets.xcassets in Resources */ = {isa = PBXBuildFile; fileRef = 77D1A8A52C4BE22900B69CA6 /* Preview Assets.xcassets */; };
		77D1A8B82C4BE9AC00B69CA6 /* FirebaseAnalyticsSwift in Frameworks */ = {isa = PBXBuildFile; productRef = 77D1A8B72C4BE9AC00B69CA6 /* FirebaseAnalyticsSwift */; };
		77D1A8BC2C4C093D00B69CA6 /* RegistrerView.swift in Sources */ = {isa = PBXBuildFile; fileRef = 77D1A8BB2C4C093D00B69CA6 /* RegistrerView.swift */; };
		77D1A8BE2C4C0A1700B69CA6 /* DismissView.swift in Sources */ = {isa = PBXBuildFile; fileRef = 77D1A8BD2C4C0A1700B69CA6 /* DismissView.swift */; };
		77D1A8C12C4C0E7500B69CA6 /* FirebaseAuth in Frameworks */ = {isa = PBXBuildFile; productRef = 77D1A8C02C4C0E7500B69CA6 /* FirebaseAuth */; };
		77D1A8C42C4C103600B69CA6 /* AuthenticationFirebaseDatasource.swift in Sources */ = {isa = PBXBuildFile; fileRef = 77D1A8C32C4C103600B69CA6 /* AuthenticationFirebaseDatasource.swift */; };
		77D1A8C62C4C114E00B69CA6 /* AuthenticationRepository.swift in Sources */ = {isa = PBXBuildFile; fileRef = 77D1A8C52C4C114E00B69CA6 /* AuthenticationRepository.swift */; };
		77D1A8C82C4C127300B69CA6 /* AuthenticationViewModel.swift in Sources */ = {isa = PBXBuildFile; fileRef = 77D1A8C72C4C127300B69CA6 /* AuthenticationViewModel.swift */; };
		77D1A8D12C4C384300B69CA6 /* GoogleSignIn in Frameworks */ = {isa = PBXBuildFile; productRef = 77D1A8D02C4C384300B69CA6 /* GoogleSignIn */; };
		77D1A8D32C4C384300B69CA6 /* GoogleSignInSwift in Frameworks */ = {isa = PBXBuildFile; productRef = 77D1A8D22C4C384300B69CA6 /* GoogleSignInSwift */; };
		77D1A8D72C4C3AC700B69CA6 /* GoogleAuthenticationHelper.swift in Sources */ = {isa = PBXBuildFile; fileRef = 77D1A8D62C4C3AC700B69CA6 /* GoogleAuthenticationHelper.swift */; };
		77D1A8DB2C4D369A00B69CA6 /* HomeView.swift in Sources */ = {isa = PBXBuildFile; fileRef = 77D1A8DA2C4D369A00B69CA6 /* HomeView.swift */; };
		77D1A8DD2C4D36EA00B69CA6 /* UserSettingsView.swift in Sources */ = {isa = PBXBuildFile; fileRef = 77D1A8DC2C4D36EA00B69CA6 /* UserSettingsView.swift */; };
		77D1A8DF2C4D371700B69CA6 /* UserProfileView.swift in Sources */ = {isa = PBXBuildFile; fileRef = 77D1A8DE2C4D371700B69CA6 /* UserProfileView.swift */; };
		77D1A8E22C4D471E00B69CA6 /* UserModel.swift in Sources */ = {isa = PBXBuildFile; fileRef = 77D1A8E12C4D471E00B69CA6 /* UserModel.swift */; };
		77D1A8E42C4D47CB00B69CA6 /* GoogleBookModel.swift in Sources */ = {isa = PBXBuildFile; fileRef = 77D1A8E32C4D47CB00B69CA6 /* GoogleBookModel.swift */; };
		77DED18F2C53F1E500078D88 /* ForgotView.swift in Sources */ = {isa = PBXBuildFile; fileRef = 77DED18E2C53F1E500078D88 /* ForgotView.swift */; };
		77DED1942C541FDF00078D88 /* TextFieldEmail.swift in Sources */ = {isa = PBXBuildFile; fileRef = 77DED1932C541FDF00078D88 /* TextFieldEmail.swift */; };
		77DED1962C54202700078D88 /* TextFieldPassword.swift in Sources */ = {isa = PBXBuildFile; fileRef = 77DED1952C54202700078D88 /* TextFieldPassword.swift */; };
		77DED19C2C5424BE00078D88 /* AuthenticationButton.swift in Sources */ = {isa = PBXBuildFile; fileRef = 77DED19B2C5424BE00078D88 /* AuthenticationButton.swift */; };
		77E37D3E2C51AB0B00865D2E /* FirebaseAnalytics in Frameworks */ = {isa = PBXBuildFile; productRef = 77E37D3D2C51AB0B00865D2E /* FirebaseAnalytics */; };
/* End PBXBuildFile section */

/* Begin PBXFileReference section */
		7738D0122C5278CB005BF892 /* UserBookModel.swift */ = {isa = PBXFileReference; lastKnownFileType = sourcecode.swift; path = UserBookModel.swift; sourceTree = "<group>"; };
		7738D0162C52E40C005BF892 /* CircleMagnifyingGlassView.swift */ = {isa = PBXFileReference; lastKnownFileType = sourcecode.swift; path = CircleMagnifyingGlassView.swift; sourceTree = "<group>"; };
		7738D0182C52F425005BF892 /* GoogleService-Info.plist */ = {isa = PBXFileReference; fileEncoding = 4; lastKnownFileType = text.plist.xml; name = "GoogleService-Info.plist"; path = "../../../../Downloads/GoogleService-Info.plist"; sourceTree = "<group>"; };
		7738D01B2C52FAA5005BF892 /* MyBooksView.swift */ = {isa = PBXFileReference; lastKnownFileType = sourcecode.swift; path = MyBooksView.swift; sourceTree = "<group>"; };
		7738D01D2C530837005BF892 /* CircleView.swift */ = {isa = PBXFileReference; lastKnownFileType = sourcecode.swift; path = CircleView.swift; sourceTree = "<group>"; };
		7738D0202C531348005BF892 /* ProfileImageView.swift */ = {isa = PBXFileReference; lastKnownFileType = sourcecode.swift; path = ProfileImageView.swift; sourceTree = "<group>"; };
		77556EDB2C51695B00AB3891 /* MainMenuView.swift */ = {isa = PBXFileReference; lastKnownFileType = sourcecode.swift; path = MainMenuView.swift; sourceTree = "<group>"; };
		77556EDF2C517F8800AB3891 /* Config.swift */ = {isa = PBXFileReference; lastKnownFileType = sourcecode.swift; path = Config.swift; sourceTree = "<group>"; };
		775DE0592C50F3C100A22337 /* CoordinatorView.swift */ = {isa = PBXFileReference; lastKnownFileType = sourcecode.swift; path = CoordinatorView.swift; sourceTree = "<group>"; };
		776CEA812C4FE2F70067B918 /* HomeGenres.swift */ = {isa = PBXFileReference; lastKnownFileType = sourcecode.swift; path = HomeGenres.swift; sourceTree = "<group>"; };
		776CEA832C4FE5DE0067B918 /* HomeNew.swift */ = {isa = PBXFileReference; lastKnownFileType = sourcecode.swift; path = HomeNew.swift; sourceTree = "<group>"; };
		776CEA852C4FEE6D0067B918 /* SearchResultsView.swift */ = {isa = PBXFileReference; lastKnownFileType = sourcecode.swift; path = SearchResultsView.swift; sourceTree = "<group>"; };
		776CEA872C4FF61C0067B918 /* BookDetailsInListView.swift */ = {isa = PBXFileReference; lastKnownFileType = sourcecode.swift; path = BookDetailsInListView.swift; sourceTree = "<group>"; };
		776CEA8C2C5005670067B918 /* AsyncImageView.swift */ = {isa = PBXFileReference; lastKnownFileType = sourcecode.swift; path = AsyncImageView.swift; sourceTree = "<group>"; };
		776CEA8E2C5006940067B918 /* BookDetailsSheet.swift */ = {isa = PBXFileReference; lastKnownFileType = sourcecode.swift; path = BookDetailsSheet.swift; sourceTree = "<group>"; };
		776CEA922C501B3E0067B918 /* UserProfileViewModel.swift */ = {isa = PBXFileReference; lastKnownFileType = sourcecode.swift; path = UserProfileViewModel.swift; sourceTree = "<group>"; };
		776CEA952C5024C40067B918 /* UserProfileRepository.swift */ = {isa = PBXFileReference; lastKnownFileType = sourcecode.swift; path = UserProfileRepository.swift; sourceTree = "<group>"; };
		776CEA972C5024D20067B918 /* UserProfileDatasource.swift */ = {isa = PBXFileReference; lastKnownFileType = sourcecode.swift; path = UserProfileDatasource.swift; sourceTree = "<group>"; };
		776CEAA22C5059B80067B918 /* SignInView.swift */ = {isa = PBXFileReference; lastKnownFileType = sourcecode.swift; path = SignInView.swift; sourceTree = "<group>"; };
		77B385F12C4EBD3F00C800BD /* SigInOthersView.swift */ = {isa = PBXFileReference; lastKnownFileType = sourcecode.swift; path = SigInOthersView.swift; sourceTree = "<group>"; };
		77B385F42C4EDA2F00C800BD /* AppleAuthenticationHelper.swift */ = {isa = PBXFileReference; lastKnownFileType = sourcecode.swift; path = AppleAuthenticationHelper.swift; sourceTree = "<group>"; };
		77B385F82C4EDE6600C800BD /* GoogleApiDatasoruce.swift */ = {isa = PBXFileReference; lastKnownFileType = sourcecode.swift; path = GoogleApiDatasoruce.swift; sourceTree = "<group>"; };
		77B385FA2C4EDE7E00C800BD /* GoogleApiRepository.swift */ = {isa = PBXFileReference; lastKnownFileType = sourcecode.swift; path = GoogleApiRepository.swift; sourceTree = "<group>"; };
		77B385FD2C4EDEA700C800BD /* GoogleApiViewModel.swift */ = {isa = PBXFileReference; lastKnownFileType = sourcecode.swift; path = GoogleApiViewModel.swift; sourceTree = "<group>"; };
		77D1A89B2C4BE22800B69CA6 /* MyReads.app */ = {isa = PBXFileReference; explicitFileType = wrapper.application; includeInIndex = 0; path = MyReads.app; sourceTree = BUILT_PRODUCTS_DIR; };
		77D1A89E2C4BE22800B69CA6 /* MyReadsApp.swift */ = {isa = PBXFileReference; lastKnownFileType = sourcecode.swift; path = MyReadsApp.swift; sourceTree = "<group>"; };
		77D1A8A02C4BE22800B69CA6 /* AuthenticationView.swift */ = {isa = PBXFileReference; lastKnownFileType = sourcecode.swift; path = AuthenticationView.swift; sourceTree = "<group>"; };
		77D1A8A22C4BE22900B69CA6 /* Assets.xcassets */ = {isa = PBXFileReference; lastKnownFileType = folder.assetcatalog; path = Assets.xcassets; sourceTree = "<group>"; };
		77D1A8A52C4BE22900B69CA6 /* Preview Assets.xcassets */ = {isa = PBXFileReference; lastKnownFileType = folder.assetcatalog; path = "Preview Assets.xcassets"; sourceTree = "<group>"; };
		77D1A8BB2C4C093D00B69CA6 /* RegistrerView.swift */ = {isa = PBXFileReference; lastKnownFileType = sourcecode.swift; path = RegistrerView.swift; sourceTree = "<group>"; };
		77D1A8BD2C4C0A1700B69CA6 /* DismissView.swift */ = {isa = PBXFileReference; lastKnownFileType = sourcecode.swift; path = DismissView.swift; sourceTree = "<group>"; };
		77D1A8C32C4C103600B69CA6 /* AuthenticationFirebaseDatasource.swift */ = {isa = PBXFileReference; lastKnownFileType = sourcecode.swift; path = AuthenticationFirebaseDatasource.swift; sourceTree = "<group>"; };
		77D1A8C52C4C114E00B69CA6 /* AuthenticationRepository.swift */ = {isa = PBXFileReference; lastKnownFileType = sourcecode.swift; path = AuthenticationRepository.swift; sourceTree = "<group>"; };
		77D1A8C72C4C127300B69CA6 /* AuthenticationViewModel.swift */ = {isa = PBXFileReference; lastKnownFileType = sourcecode.swift; path = AuthenticationViewModel.swift; sourceTree = "<group>"; };
		77D1A8D42C4C38E600B69CA6 /* Info.plist */ = {isa = PBXFileReference; lastKnownFileType = text.plist.xml; path = Info.plist; sourceTree = "<group>"; };
		77D1A8D62C4C3AC700B69CA6 /* GoogleAuthenticationHelper.swift */ = {isa = PBXFileReference; lastKnownFileType = sourcecode.swift; path = GoogleAuthenticationHelper.swift; sourceTree = "<group>"; };
		77D1A8DA2C4D369A00B69CA6 /* HomeView.swift */ = {isa = PBXFileReference; lastKnownFileType = sourcecode.swift; path = HomeView.swift; sourceTree = "<group>"; };
		77D1A8DC2C4D36EA00B69CA6 /* UserSettingsView.swift */ = {isa = PBXFileReference; lastKnownFileType = sourcecode.swift; path = UserSettingsView.swift; sourceTree = "<group>"; };
		77D1A8DE2C4D371700B69CA6 /* UserProfileView.swift */ = {isa = PBXFileReference; lastKnownFileType = sourcecode.swift; path = UserProfileView.swift; sourceTree = "<group>"; };
		77D1A8E12C4D471E00B69CA6 /* UserModel.swift */ = {isa = PBXFileReference; lastKnownFileType = sourcecode.swift; path = UserModel.swift; sourceTree = "<group>"; };
		77D1A8E32C4D47CB00B69CA6 /* GoogleBookModel.swift */ = {isa = PBXFileReference; lastKnownFileType = sourcecode.swift; path = GoogleBookModel.swift; sourceTree = "<group>"; };
		77DED18E2C53F1E500078D88 /* ForgotView.swift */ = {isa = PBXFileReference; lastKnownFileType = sourcecode.swift; path = ForgotView.swift; sourceTree = "<group>"; };
		77DED1932C541FDF00078D88 /* TextFieldEmail.swift */ = {isa = PBXFileReference; lastKnownFileType = sourcecode.swift; path = TextFieldEmail.swift; sourceTree = "<group>"; };
		77DED1952C54202700078D88 /* TextFieldPassword.swift */ = {isa = PBXFileReference; lastKnownFileType = sourcecode.swift; path = TextFieldPassword.swift; sourceTree = "<group>"; };
		77DED19B2C5424BE00078D88 /* AuthenticationButton.swift */ = {isa = PBXFileReference; lastKnownFileType = sourcecode.swift; path = AuthenticationButton.swift; sourceTree = "<group>"; };
/* End PBXFileReference section */

/* Begin PBXFrameworksBuildPhase section */
		77D1A8982C4BE22800B69CA6 /* Frameworks */ = {
			isa = PBXFrameworksBuildPhase;
			buildActionMask = 2147483647;
			files = (
				77E37D3E2C51AB0B00865D2E /* FirebaseAnalytics in Frameworks */,
				77D1A8D32C4C384300B69CA6 /* GoogleSignInSwift in Frameworks */,
				77D1A8B82C4BE9AC00B69CA6 /* FirebaseAnalyticsSwift in Frameworks */,
				77D1A8D12C4C384300B69CA6 /* GoogleSignIn in Frameworks */,
				776CEA9C2C5026350067B918 /* FirebaseFirestoreSwift in Frameworks */,
				77D1A8C12C4C0E7500B69CA6 /* FirebaseAuth in Frameworks */,
				776CEA9A2C5026350067B918 /* FirebaseFirestore in Frameworks */,
			);
			runOnlyForDeploymentPostprocessing = 0;
		};
/* End PBXFrameworksBuildPhase section */

/* Begin PBXGroup section */
		7738D0142C52E2D0005BF892 /* MainMenuViews */ = {
			isa = PBXGroup;
			children = (
				77556EDB2C51695B00AB3891 /* MainMenuView.swift */,
				776CEA802C4FE2DE0067B918 /* HomeViews */,
				7738D01A2C52FA8E005BF892 /* MyBooksViews */,
				776CEA892C5003CF0067B918 /* Profile */,
				77DED18A2C53EA6200078D88 /* SearchViews */,
				77DED18B2C53EA9900078D88 /* BooksViews */,
			);
			path = MainMenuViews;
			sourceTree = "<group>";
		};
		7738D01A2C52FA8E005BF892 /* MyBooksViews */ = {
			isa = PBXGroup;
			children = (
				7738D01B2C52FAA5005BF892 /* MyBooksView.swift */,
			);
			path = MyBooksViews;
			sourceTree = "<group>";
		};
		7738D01F2C5312CC005BF892 /* SharedSources */ = {
			isa = PBXGroup;
			children = (
				7738D0202C531348005BF892 /* ProfileImageView.swift */,
			);
			path = SharedSources;
			sourceTree = "<group>";
		};
		776CEA7F2C4FE2D40067B918 /* CoordinatatorViews */ = {
			isa = PBXGroup;
			children = (
				775DE0592C50F3C100A22337 /* CoordinatorView.swift */,
				7738D0142C52E2D0005BF892 /* MainMenuViews */,
				776CEA9D2C5057390067B918 /* AuthenticationViews */,
			);
			path = CoordinatatorViews;
			sourceTree = "<group>";
		};
		776CEA802C4FE2DE0067B918 /* HomeViews */ = {
			isa = PBXGroup;
			children = (
				77D1A8DA2C4D369A00B69CA6 /* HomeView.swift */,
				776CEA812C4FE2F70067B918 /* HomeGenres.swift */,
				776CEA832C4FE5DE0067B918 /* HomeNew.swift */,
			);
			path = HomeViews;
			sourceTree = "<group>";
		};
		776CEA892C5003CF0067B918 /* Profile */ = {
			isa = PBXGroup;
			children = (
				77D1A8DE2C4D371700B69CA6 /* UserProfileView.swift */,
				77DED18C2C53EAFE00078D88 /* UserSettingsViews */,
				7738D01F2C5312CC005BF892 /* SharedSources */,
			);
			path = Profile;
			sourceTree = "<group>";
		};
		776CEA942C5024AC0067B918 /* Repository */ = {
			isa = PBXGroup;
			children = (
				776CEA952C5024C40067B918 /* UserProfileRepository.swift */,
				776CEA972C5024D20067B918 /* UserProfileDatasource.swift */,
			);
			path = Repository;
			sourceTree = "<group>";
		};
		776CEA9D2C5057390067B918 /* AuthenticationViews */ = {
			isa = PBXGroup;
			children = (
				77D1A8A02C4BE22800B69CA6 /* AuthenticationView.swift */,
				776CEAA22C5059B80067B918 /* SignInView.swift */,
				77B385F12C4EBD3F00C800BD /* SigInOthersView.swift */,
				77D1A8BB2C4C093D00B69CA6 /* RegistrerView.swift */,
				77DED18E2C53F1E500078D88 /* ForgotView.swift */,
				77DED1892C53E9E700078D88 /* SharedSources */,
			);
			path = AuthenticationViews;
			sourceTree = "<group>";
		};
		776CEAA02C5058D40067B918 /* Repository */ = {
			isa = PBXGroup;
			children = (
				77B385FA2C4EDE7E00C800BD /* GoogleApiRepository.swift */,
				77B385F82C4EDE6600C800BD /* GoogleApiDatasoruce.swift */,
				77556EDF2C517F8800AB3891 /* Config.swift */,
			);
			path = Repository;
			sourceTree = "<group>";
		};
		77B385F32C4EDA1900C800BD /* AuthenticationHelper */ = {
			isa = PBXGroup;
			children = (
				77D1A8D62C4C3AC700B69CA6 /* GoogleAuthenticationHelper.swift */,
				77B385F42C4EDA2F00C800BD /* AppleAuthenticationHelper.swift */,
			);
			path = AuthenticationHelper;
			sourceTree = "<group>";
		};
		77B385F62C4EDE1E00C800BD /* GoogleApi */ = {
			isa = PBXGroup;
			children = (
				77B385FD2C4EDEA700C800BD /* GoogleApiViewModel.swift */,
				77B385F72C4EDE4A00C800BD /* Model */,
				776CEAA02C5058D40067B918 /* Repository */,
			);
			path = GoogleApi;
			sourceTree = "<group>";
		};
		77B385F72C4EDE4A00C800BD /* Model */ = {
			isa = PBXGroup;
			children = (
				77D1A8E32C4D47CB00B69CA6 /* GoogleBookModel.swift */,
				7738D0122C5278CB005BF892 /* UserBookModel.swift */,
			);
			path = Model;
			sourceTree = "<group>";
		};
		77D1A8922C4BE22800B69CA6 = {
			isa = PBXGroup;
			children = (
				77D1A89D2C4BE22800B69CA6 /* MyReads */,
				77D1A8A42C4BE22900B69CA6 /* Preview Content */,
				77D1A8A22C4BE22900B69CA6 /* Assets.xcassets */,
				77D1A89C2C4BE22800B69CA6 /* Products */,
				77D1A8BF2C4C0E7500B69CA6 /* Frameworks */,
			);
			sourceTree = "<group>";
		};
		77D1A89C2C4BE22800B69CA6 /* Products */ = {
			isa = PBXGroup;
			children = (
				77D1A89B2C4BE22800B69CA6 /* MyReads.app */,
			);
			name = Products;
			sourceTree = "<group>";
		};
		77D1A89D2C4BE22800B69CA6 /* MyReads */ = {
			isa = PBXGroup;
			children = (
				7738D0182C52F425005BF892 /* GoogleService-Info.plist */,
				77D1A8D42C4C38E600B69CA6 /* Info.plist */,
				77D1A89E2C4BE22800B69CA6 /* MyReadsApp.swift */,
				776CEA7F2C4FE2D40067B918 /* CoordinatatorViews */,
				77DED1852C53E85200078D88 /* MVVM */,
			);
			path = MyReads;
			sourceTree = "<group>";
		};
		77D1A8A42C4BE22900B69CA6 /* Preview Content */ = {
			isa = PBXGroup;
			children = (
				77D1A8A52C4BE22900B69CA6 /* Preview Assets.xcassets */,
			);
			path = "Preview Content";
			sourceTree = "<group>";
		};
		77D1A8BF2C4C0E7500B69CA6 /* Frameworks */ = {
			isa = PBXGroup;
			children = (
			);
			name = Frameworks;
			sourceTree = "<group>";
		};
		77D1A8CB2C4C1BFF00B69CA6 /* Authentication */ = {
			isa = PBXGroup;
			children = (
				77D1A8C72C4C127300B69CA6 /* AuthenticationViewModel.swift */,
				77D1A8CC2C4C1C2900B69CA6 /* Repository */,
			);
			path = Authentication;
			sourceTree = "<group>";
		};
		77D1A8CC2C4C1C2900B69CA6 /* Repository */ = {
			isa = PBXGroup;
			children = (
				77D1A8C52C4C114E00B69CA6 /* AuthenticationRepository.swift */,
				77D1A8C32C4C103600B69CA6 /* AuthenticationFirebaseDatasource.swift */,
				77B385F32C4EDA1900C800BD /* AuthenticationHelper */,
			);
			path = Repository;
			sourceTree = "<group>";
		};
		77DED1852C53E85200078D88 /* MVVM */ = {
			isa = PBXGroup;
			children = (
				77DED1862C53E8F200078D88 /* UserProfile */,
				77B385F62C4EDE1E00C800BD /* GoogleApi */,
				77D1A8CB2C4C1BFF00B69CA6 /* Authentication */,
			);
			path = MVVM;
			sourceTree = "<group>";
		};
		77DED1862C53E8F200078D88 /* UserProfile */ = {
			isa = PBXGroup;
			children = (
				776CEA922C501B3E0067B918 /* UserProfileViewModel.swift */,
				77DED1872C53E92600078D88 /* Model */,
				776CEA942C5024AC0067B918 /* Repository */,
			);
			path = UserProfile;
			sourceTree = "<group>";
		};
		77DED1872C53E92600078D88 /* Model */ = {
			isa = PBXGroup;
			children = (
				77D1A8E12C4D471E00B69CA6 /* UserModel.swift */,
			);
			path = Model;
			sourceTree = "<group>";
		};
		77DED1892C53E9E700078D88 /* SharedSources */ = {
			isa = PBXGroup;
			children = (
				77DED1922C541FAB00078D88 /* TextFields */,
				77D1A8BD2C4C0A1700B69CA6 /* DismissView.swift */,
				77DED19B2C5424BE00078D88 /* AuthenticationButton.swift */,
			);
			path = SharedSources;
			sourceTree = "<group>";
		};
		77DED18A2C53EA6200078D88 /* SearchViews */ = {
			isa = PBXGroup;
			children = (
				776CEA852C4FEE6D0067B918 /* SearchResultsView.swift */,
				7738D0162C52E40C005BF892 /* CircleMagnifyingGlassView.swift */,
			);
			path = SearchViews;
			sourceTree = "<group>";
		};
		77DED18B2C53EA9900078D88 /* BooksViews */ = {
			isa = PBXGroup;
			children = (
				776CEA872C4FF61C0067B918 /* BookDetailsInListView.swift */,
				776CEA8E2C5006940067B918 /* BookDetailsSheet.swift */,
				776CEA8C2C5005670067B918 /* AsyncImageView.swift */,
				7738D01D2C530837005BF892 /* CircleView.swift */,
			);
			path = BooksViews;
			sourceTree = "<group>";
		};
		77DED18C2C53EAFE00078D88 /* UserSettingsViews */ = {
			isa = PBXGroup;
			children = (
				77D1A8DC2C4D36EA00B69CA6 /* UserSettingsView.swift */,
			);
			path = UserSettingsViews;
			sourceTree = "<group>";
		};
		77DED1922C541FAB00078D88 /* TextFields */ = {
			isa = PBXGroup;
			children = (
				77DED1932C541FDF00078D88 /* TextFieldEmail.swift */,
				77DED1952C54202700078D88 /* TextFieldPassword.swift */,
			);
			path = TextFields;
			sourceTree = "<group>";
		};
/* End PBXGroup section */

/* Begin PBXNativeTarget section */
		77D1A89A2C4BE22800B69CA6 /* MyReads */ = {
			isa = PBXNativeTarget;
			buildConfigurationList = 77D1A8A92C4BE22900B69CA6 /* Build configuration list for PBXNativeTarget "MyReads" */;
			buildPhases = (
				77D1A8972C4BE22800B69CA6 /* Sources */,
				77D1A8982C4BE22800B69CA6 /* Frameworks */,
				77D1A8992C4BE22800B69CA6 /* Resources */,
			);
			buildRules = (
			);
			dependencies = (
			);
			name = MyReads;
			packageProductDependencies = (
				77D1A8B72C4BE9AC00B69CA6 /* FirebaseAnalyticsSwift */,
				77D1A8C02C4C0E7500B69CA6 /* FirebaseAuth */,
				77D1A8D02C4C384300B69CA6 /* GoogleSignIn */,
				77D1A8D22C4C384300B69CA6 /* GoogleSignInSwift */,
				776CEA992C5026350067B918 /* FirebaseFirestore */,
				776CEA9B2C5026350067B918 /* FirebaseFirestoreSwift */,
				77E37D3D2C51AB0B00865D2E /* FirebaseAnalytics */,
			);
			productName = MyReads;
			productReference = 77D1A89B2C4BE22800B69CA6 /* MyReads.app */;
			productType = "com.apple.product-type.application";
		};
/* End PBXNativeTarget section */

/* Begin PBXProject section */
		77D1A8932C4BE22800B69CA6 /* Project object */ = {
			isa = PBXProject;
			attributes = {
				BuildIndependentTargetsInParallel = 1;
				LastSwiftUpdateCheck = 1540;
				LastUpgradeCheck = 1540;
				TargetAttributes = {
					77D1A89A2C4BE22800B69CA6 = {
						CreatedOnToolsVersion = 15.4;
					};
				};
			};
			buildConfigurationList = 77D1A8962C4BE22800B69CA6 /* Build configuration list for PBXProject "MyReads" */;
			compatibilityVersion = "Xcode 14.0";
			developmentRegion = en;
			hasScannedForEncodings = 0;
			knownRegions = (
				en,
				Base,
			);
			mainGroup = 77D1A8922C4BE22800B69CA6;
			packageReferences = (
				77D1A8AC2C4BE3E200B69CA6 /* XCRemoteSwiftPackageReference "firebase-ios-sdk" */,
				77D1A8CF2C4C384300B69CA6 /* XCRemoteSwiftPackageReference "GoogleSignIn-iOS" */,
			);
			productRefGroup = 77D1A89C2C4BE22800B69CA6 /* Products */;
			projectDirPath = "";
			projectRoot = "";
			targets = (
				77D1A89A2C4BE22800B69CA6 /* MyReads */,
			);
		};
/* End PBXProject section */

/* Begin PBXResourcesBuildPhase section */
		77D1A8992C4BE22800B69CA6 /* Resources */ = {
			isa = PBXResourcesBuildPhase;
			buildActionMask = 2147483647;
			files = (
				77D1A8A62C4BE22900B69CA6 /* Preview Assets.xcassets in Resources */,
				7738D0192C52F425005BF892 /* GoogleService-Info.plist in Resources */,
				77D1A8A32C4BE22900B69CA6 /* Assets.xcassets in Resources */,
			);
			runOnlyForDeploymentPostprocessing = 0;
		};
/* End PBXResourcesBuildPhase section */

/* Begin PBXSourcesBuildPhase section */
		77D1A8972C4BE22800B69CA6 /* Sources */ = {
			isa = PBXSourcesBuildPhase;
			buildActionMask = 2147483647;
			files = (
				776CEA932C501B3E0067B918 /* UserProfileViewModel.swift in Sources */,
				77D1A8D72C4C3AC700B69CA6 /* GoogleAuthenticationHelper.swift in Sources */,
				775DE05A2C50F3C100A22337 /* CoordinatorView.swift in Sources */,
				77D1A8DF2C4D371700B69CA6 /* UserProfileView.swift in Sources */,
				776CEA842C4FE5DE0067B918 /* HomeNew.swift in Sources */,
				77B385FB2C4EDE7E00C800BD /* GoogleApiRepository.swift in Sources */,
				776CEA962C5024C40067B918 /* UserProfileRepository.swift in Sources */,
				7738D01E2C530837005BF892 /* CircleView.swift in Sources */,
				77DED1942C541FDF00078D88 /* TextFieldEmail.swift in Sources */,
				77B385FE2C4EDEA700C800BD /* GoogleApiViewModel.swift in Sources */,
				776CEA882C4FF61C0067B918 /* BookDetailsInListView.swift in Sources */,
				77D1A8BC2C4C093D00B69CA6 /* RegistrerView.swift in Sources */,
				776CEAA32C5059B80067B918 /* SignInView.swift in Sources */,
				7738D0132C5278CB005BF892 /* UserBookModel.swift in Sources */,
				77D1A8C42C4C103600B69CA6 /* AuthenticationFirebaseDatasource.swift in Sources */,
				7738D01C2C52FAA6005BF892 /* MyBooksView.swift in Sources */,
				776CEA822C4FE2F70067B918 /* HomeGenres.swift in Sources */,
				77D1A8E42C4D47CB00B69CA6 /* GoogleBookModel.swift in Sources */,
				77556EE02C517F8800AB3891 /* Config.swift in Sources */,
				77556EDC2C51695B00AB3891 /* MainMenuView.swift in Sources */,
				77DED1962C54202700078D88 /* TextFieldPassword.swift in Sources */,
				776CEA982C5024D20067B918 /* UserProfileDatasource.swift in Sources */,
				77D1A8BE2C4C0A1700B69CA6 /* DismissView.swift in Sources */,
				776CEA8D2C5005670067B918 /* AsyncImageView.swift in Sources */,
				77B385F52C4EDA2F00C800BD /* AppleAuthenticationHelper.swift in Sources */,
				77DED18F2C53F1E500078D88 /* ForgotView.swift in Sources */,
				7738D0172C52E40C005BF892 /* CircleMagnifyingGlassView.swift in Sources */,
				77D1A8A12C4BE22800B69CA6 /* AuthenticationView.swift in Sources */,
				77D1A8E22C4D471E00B69CA6 /* UserModel.swift in Sources */,
				77D1A8C82C4C127300B69CA6 /* AuthenticationViewModel.swift in Sources */,
				7738D0212C531348005BF892 /* ProfileImageView.swift in Sources */,
				776CEA862C4FEE6D0067B918 /* SearchResultsView.swift in Sources */,
				77B385F22C4EBD3F00C800BD /* SigInOthersView.swift in Sources */,
				77DED19C2C5424BE00078D88 /* AuthenticationButton.swift in Sources */,
				77B385F92C4EDE6600C800BD /* GoogleApiDatasoruce.swift in Sources */,
				77D1A8DB2C4D369A00B69CA6 /* HomeView.swift in Sources */,
				776CEA8F2C5006940067B918 /* BookDetailsSheet.swift in Sources */,
				77D1A89F2C4BE22800B69CA6 /* MyReadsApp.swift in Sources */,
				77D1A8DD2C4D36EA00B69CA6 /* UserSettingsView.swift in Sources */,
				77D1A8C62C4C114E00B69CA6 /* AuthenticationRepository.swift in Sources */,
			);
			runOnlyForDeploymentPostprocessing = 0;
		};
/* End PBXSourcesBuildPhase section */

/* Begin XCBuildConfiguration section */
		77D1A8A72C4BE22900B69CA6 /* Debug */ = {
			isa = XCBuildConfiguration;
			buildSettings = {
				ALWAYS_SEARCH_USER_PATHS = NO;
				ASSETCATALOG_COMPILER_GENERATE_SWIFT_ASSET_SYMBOL_EXTENSIONS = YES;
				CLANG_ANALYZER_NONNULL = YES;
				CLANG_ANALYZER_NUMBER_OBJECT_CONVERSION = YES_AGGRESSIVE;
				CLANG_CXX_LANGUAGE_STANDARD = "gnu++20";
				CLANG_ENABLE_MODULES = YES;
				CLANG_ENABLE_OBJC_ARC = YES;
				CLANG_ENABLE_OBJC_WEAK = YES;
				CLANG_WARN_BLOCK_CAPTURE_AUTORELEASING = YES;
				CLANG_WARN_BOOL_CONVERSION = YES;
				CLANG_WARN_COMMA = YES;
				CLANG_WARN_CONSTANT_CONVERSION = YES;
				CLANG_WARN_DEPRECATED_OBJC_IMPLEMENTATIONS = YES;
				CLANG_WARN_DIRECT_OBJC_ISA_USAGE = YES_ERROR;
				CLANG_WARN_DOCUMENTATION_COMMENTS = YES;
				CLANG_WARN_EMPTY_BODY = YES;
				CLANG_WARN_ENUM_CONVERSION = YES;
				CLANG_WARN_INFINITE_RECURSION = YES;
				CLANG_WARN_INT_CONVERSION = YES;
				CLANG_WARN_NON_LITERAL_NULL_CONVERSION = YES;
				CLANG_WARN_OBJC_IMPLICIT_RETAIN_SELF = YES;
				CLANG_WARN_OBJC_LITERAL_CONVERSION = YES;
				CLANG_WARN_OBJC_ROOT_CLASS = YES_ERROR;
				CLANG_WARN_QUOTED_INCLUDE_IN_FRAMEWORK_HEADER = YES;
				CLANG_WARN_RANGE_LOOP_ANALYSIS = YES;
				CLANG_WARN_STRICT_PROTOTYPES = YES;
				CLANG_WARN_SUSPICIOUS_MOVE = YES;
				CLANG_WARN_UNGUARDED_AVAILABILITY = YES_AGGRESSIVE;
				CLANG_WARN_UNREACHABLE_CODE = YES;
				CLANG_WARN__DUPLICATE_METHOD_MATCH = YES;
				COPY_PHASE_STRIP = NO;
				DEBUG_INFORMATION_FORMAT = dwarf;
				ENABLE_STRICT_OBJC_MSGSEND = YES;
				ENABLE_TESTABILITY = YES;
				ENABLE_USER_SCRIPT_SANDBOXING = YES;
				GCC_C_LANGUAGE_STANDARD = gnu17;
				GCC_DYNAMIC_NO_PIC = NO;
				GCC_NO_COMMON_BLOCKS = YES;
				GCC_OPTIMIZATION_LEVEL = 0;
				GCC_PREPROCESSOR_DEFINITIONS = (
					"DEBUG=1",
					"$(inherited)",
				);
				GCC_WARN_64_TO_32_BIT_CONVERSION = YES;
				GCC_WARN_ABOUT_RETURN_TYPE = YES_ERROR;
				GCC_WARN_UNDECLARED_SELECTOR = YES;
				GCC_WARN_UNINITIALIZED_AUTOS = YES_AGGRESSIVE;
				GCC_WARN_UNUSED_FUNCTION = YES;
				GCC_WARN_UNUSED_VARIABLE = YES;
				IPHONEOS_DEPLOYMENT_TARGET = 17.5;
				LOCALIZATION_PREFERS_STRING_CATALOGS = YES;
				MTL_ENABLE_DEBUG_INFO = INCLUDE_SOURCE;
				MTL_FAST_MATH = YES;
				ONLY_ACTIVE_ARCH = YES;
				SDKROOT = iphoneos;
				SWIFT_ACTIVE_COMPILATION_CONDITIONS = "DEBUG $(inherited)";
				SWIFT_OPTIMIZATION_LEVEL = "-Onone";
			};
			name = Debug;
		};
		77D1A8A82C4BE22900B69CA6 /* Release */ = {
			isa = XCBuildConfiguration;
			buildSettings = {
				ALWAYS_SEARCH_USER_PATHS = NO;
				ASSETCATALOG_COMPILER_GENERATE_SWIFT_ASSET_SYMBOL_EXTENSIONS = YES;
				CLANG_ANALYZER_NONNULL = YES;
				CLANG_ANALYZER_NUMBER_OBJECT_CONVERSION = YES_AGGRESSIVE;
				CLANG_CXX_LANGUAGE_STANDARD = "gnu++20";
				CLANG_ENABLE_MODULES = YES;
				CLANG_ENABLE_OBJC_ARC = YES;
				CLANG_ENABLE_OBJC_WEAK = YES;
				CLANG_WARN_BLOCK_CAPTURE_AUTORELEASING = YES;
				CLANG_WARN_BOOL_CONVERSION = YES;
				CLANG_WARN_COMMA = YES;
				CLANG_WARN_CONSTANT_CONVERSION = YES;
				CLANG_WARN_DEPRECATED_OBJC_IMPLEMENTATIONS = YES;
				CLANG_WARN_DIRECT_OBJC_ISA_USAGE = YES_ERROR;
				CLANG_WARN_DOCUMENTATION_COMMENTS = YES;
				CLANG_WARN_EMPTY_BODY = YES;
				CLANG_WARN_ENUM_CONVERSION = YES;
				CLANG_WARN_INFINITE_RECURSION = YES;
				CLANG_WARN_INT_CONVERSION = YES;
				CLANG_WARN_NON_LITERAL_NULL_CONVERSION = YES;
				CLANG_WARN_OBJC_IMPLICIT_RETAIN_SELF = YES;
				CLANG_WARN_OBJC_LITERAL_CONVERSION = YES;
				CLANG_WARN_OBJC_ROOT_CLASS = YES_ERROR;
				CLANG_WARN_QUOTED_INCLUDE_IN_FRAMEWORK_HEADER = YES;
				CLANG_WARN_RANGE_LOOP_ANALYSIS = YES;
				CLANG_WARN_STRICT_PROTOTYPES = YES;
				CLANG_WARN_SUSPICIOUS_MOVE = YES;
				CLANG_WARN_UNGUARDED_AVAILABILITY = YES_AGGRESSIVE;
				CLANG_WARN_UNREACHABLE_CODE = YES;
				CLANG_WARN__DUPLICATE_METHOD_MATCH = YES;
				COPY_PHASE_STRIP = NO;
				DEBUG_INFORMATION_FORMAT = "dwarf-with-dsym";
				ENABLE_NS_ASSERTIONS = NO;
				ENABLE_STRICT_OBJC_MSGSEND = YES;
				ENABLE_USER_SCRIPT_SANDBOXING = YES;
				GCC_C_LANGUAGE_STANDARD = gnu17;
				GCC_NO_COMMON_BLOCKS = YES;
				GCC_WARN_64_TO_32_BIT_CONVERSION = YES;
				GCC_WARN_ABOUT_RETURN_TYPE = YES_ERROR;
				GCC_WARN_UNDECLARED_SELECTOR = YES;
				GCC_WARN_UNINITIALIZED_AUTOS = YES_AGGRESSIVE;
				GCC_WARN_UNUSED_FUNCTION = YES;
				GCC_WARN_UNUSED_VARIABLE = YES;
				IPHONEOS_DEPLOYMENT_TARGET = 17.5;
				LOCALIZATION_PREFERS_STRING_CATALOGS = YES;
				MTL_ENABLE_DEBUG_INFO = NO;
				MTL_FAST_MATH = YES;
				SDKROOT = iphoneos;
				SWIFT_COMPILATION_MODE = wholemodule;
				VALIDATE_PRODUCT = YES;
			};
			name = Release;
		};
		77D1A8AA2C4BE22900B69CA6 /* Debug */ = {
			isa = XCBuildConfiguration;
			buildSettings = {
				ASSETCATALOG_COMPILER_APPICON_NAME = AppIcon;
				ASSETCATALOG_COMPILER_GLOBAL_ACCENT_COLOR_NAME = AccentColor;
				CODE_SIGN_STYLE = Automatic;
				CURRENT_PROJECT_VERSION = 1;
				DEVELOPMENT_ASSET_PATHS = "\"MyReads/\"";
				DEVELOPMENT_TEAM = VF5V4F8D5L;
				ENABLE_PREVIEWS = YES;
				GENERATE_INFOPLIST_FILE = YES;
				INFOPLIST_FILE = MyReads/Info.plist;
				INFOPLIST_KEY_UIApplicationSceneManifest_Generation = YES;
				INFOPLIST_KEY_UIApplicationSupportsIndirectInputEvents = YES;
				INFOPLIST_KEY_UILaunchScreen_Generation = YES;
				INFOPLIST_KEY_UISupportedInterfaceOrientations_iPad = "UIInterfaceOrientationPortrait UIInterfaceOrientationPortraitUpsideDown UIInterfaceOrientationLandscapeLeft UIInterfaceOrientationLandscapeRight";
				INFOPLIST_KEY_UISupportedInterfaceOrientations_iPhone = "UIInterfaceOrientationPortrait UIInterfaceOrientationLandscapeLeft UIInterfaceOrientationLandscapeRight";
				LD_RUNPATH_SEARCH_PATHS = (
					"$(inherited)",
					"@executable_path/Frameworks",
				);
				MARKETING_VERSION = 1.0;
				PRODUCT_BUNDLE_IDENTIFIER = com.alvarez.MyReads;
				PRODUCT_NAME = "$(TARGET_NAME)";
				SWIFT_EMIT_LOC_STRINGS = YES;
				SWIFT_VERSION = 5.0;
				TARGETED_DEVICE_FAMILY = "1,2";
			};
			name = Debug;
		};
		77D1A8AB2C4BE22900B69CA6 /* Release */ = {
			isa = XCBuildConfiguration;
			buildSettings = {
				ASSETCATALOG_COMPILER_APPICON_NAME = AppIcon;
				ASSETCATALOG_COMPILER_GLOBAL_ACCENT_COLOR_NAME = AccentColor;
				CODE_SIGN_STYLE = Automatic;
				CURRENT_PROJECT_VERSION = 1;
				DEVELOPMENT_ASSET_PATHS = "\"MyReads/\"";
				DEVELOPMENT_TEAM = VF5V4F8D5L;
				ENABLE_PREVIEWS = YES;
				GENERATE_INFOPLIST_FILE = YES;
				INFOPLIST_FILE = MyReads/Info.plist;
				INFOPLIST_KEY_UIApplicationSceneManifest_Generation = YES;
				INFOPLIST_KEY_UIApplicationSupportsIndirectInputEvents = YES;
				INFOPLIST_KEY_UILaunchScreen_Generation = YES;
				INFOPLIST_KEY_UISupportedInterfaceOrientations_iPad = "UIInterfaceOrientationPortrait UIInterfaceOrientationPortraitUpsideDown UIInterfaceOrientationLandscapeLeft UIInterfaceOrientationLandscapeRight";
				INFOPLIST_KEY_UISupportedInterfaceOrientations_iPhone = "UIInterfaceOrientationPortrait UIInterfaceOrientationLandscapeLeft UIInterfaceOrientationLandscapeRight";
				LD_RUNPATH_SEARCH_PATHS = (
					"$(inherited)",
					"@executable_path/Frameworks",
				);
				MARKETING_VERSION = 1.0;
				PRODUCT_BUNDLE_IDENTIFIER = com.alvarez.MyReads;
				PRODUCT_NAME = "$(TARGET_NAME)";
				SWIFT_EMIT_LOC_STRINGS = YES;
				SWIFT_VERSION = 5.0;
				TARGETED_DEVICE_FAMILY = "1,2";
			};
			name = Release;
		};
/* End XCBuildConfiguration section */

/* Begin XCConfigurationList section */
		77D1A8962C4BE22800B69CA6 /* Build configuration list for PBXProject "MyReads" */ = {
			isa = XCConfigurationList;
			buildConfigurations = (
				77D1A8A72C4BE22900B69CA6 /* Debug */,
				77D1A8A82C4BE22900B69CA6 /* Release */,
			);
			defaultConfigurationIsVisible = 0;
			defaultConfigurationName = Release;
		};
		77D1A8A92C4BE22900B69CA6 /* Build configuration list for PBXNativeTarget "MyReads" */ = {
			isa = XCConfigurationList;
			buildConfigurations = (
				77D1A8AA2C4BE22900B69CA6 /* Debug */,
				77D1A8AB2C4BE22900B69CA6 /* Release */,
			);
			defaultConfigurationIsVisible = 0;
			defaultConfigurationName = Release;
		};
/* End XCConfigurationList section */

/* Begin XCRemoteSwiftPackageReference section */
		77D1A8AC2C4BE3E200B69CA6 /* XCRemoteSwiftPackageReference "firebase-ios-sdk" */ = {
			isa = XCRemoteSwiftPackageReference;
			repositoryURL = "https://github.com/firebase/firebase-ios-sdk";
			requirement = {
				kind = upToNextMajorVersion;
				minimumVersion = 10.29.0;
			};
		};
		77D1A8CF2C4C384300B69CA6 /* XCRemoteSwiftPackageReference "GoogleSignIn-iOS" */ = {
			isa = XCRemoteSwiftPackageReference;
			repositoryURL = "https://github.com/google/GoogleSignIn-iOS";
			requirement = {
				kind = upToNextMajorVersion;
				minimumVersion = 7.1.0;
			};
		};
/* End XCRemoteSwiftPackageReference section */

/* Begin XCSwiftPackageProductDependency section */
		776CEA992C5026350067B918 /* FirebaseFirestore */ = {
			isa = XCSwiftPackageProductDependency;
			package = 77D1A8AC2C4BE3E200B69CA6 /* XCRemoteSwiftPackageReference "firebase-ios-sdk" */;
			productName = FirebaseFirestore;
		};
		776CEA9B2C5026350067B918 /* FirebaseFirestoreSwift */ = {
			isa = XCSwiftPackageProductDependency;
			package = 77D1A8AC2C4BE3E200B69CA6 /* XCRemoteSwiftPackageReference "firebase-ios-sdk" */;
			productName = FirebaseFirestoreSwift;
		};
		77D1A8B72C4BE9AC00B69CA6 /* FirebaseAnalyticsSwift */ = {
			isa = XCSwiftPackageProductDependency;
			productName = FirebaseAnalyticsSwift;
		};
		77D1A8C02C4C0E7500B69CA6 /* FirebaseAuth */ = {
			isa = XCSwiftPackageProductDependency;
			package = 77D1A8AC2C4BE3E200B69CA6 /* XCRemoteSwiftPackageReference "firebase-ios-sdk" */;
			productName = FirebaseAuth;
		};
		77D1A8D02C4C384300B69CA6 /* GoogleSignIn */ = {
			isa = XCSwiftPackageProductDependency;
			package = 77D1A8CF2C4C384300B69CA6 /* XCRemoteSwiftPackageReference "GoogleSignIn-iOS" */;
			productName = GoogleSignIn;
		};
		77D1A8D22C4C384300B69CA6 /* GoogleSignInSwift */ = {
			isa = XCSwiftPackageProductDependency;
			package = 77D1A8CF2C4C384300B69CA6 /* XCRemoteSwiftPackageReference "GoogleSignIn-iOS" */;
			productName = GoogleSignInSwift;
		};
		77E37D3D2C51AB0B00865D2E /* FirebaseAnalytics */ = {
			isa = XCSwiftPackageProductDependency;
			package = 77D1A8AC2C4BE3E200B69CA6 /* XCRemoteSwiftPackageReference "firebase-ios-sdk" */;
			productName = FirebaseAnalytics;
		};
/* End XCSwiftPackageProductDependency section */
	};
	rootObject = 77D1A8932C4BE22800B69CA6 /* Project object */;
}
